
Microsoft Visual Studio Solution File, Format Version 12.00
# Visual Studio Version 17
VisualStudioVersion = 17.0.32014.148
MinimumVisualStudioVersion = 10.0.40219.1
Project("{FAE04EC0-301F-11D3-BF4B-00C04F79EFBC}") = "SeaMath", "SeaMath\SeaMath.csproj", "{C0AE7CB3-19E7-492A-A8EF-852BDB7D5151}"
EndProject
Project("{FAE04EC0-301F-11D3-BF4B-00C04F79EFBC}") = "GateCLang", "GateCLang\GateCLang.csproj", "{E4648057-0947-4F6C-B7B2-D79757CFB7FB}"
EndProject
Project("{FAE04EC0-301F-11D3-BF4B-00C04F79EFBC}") = "GateTools", "GateTools\GateTools.csproj", "{ED68A71A-0190-4359-92B0-2201FDCEAB81}"
EndProject
Project("{FAE04EC0-301F-11D3-BF4B-00C04F79EFBC}") = "ScintillaNET", "ScintillaNet\ScintillaNET.csproj", "{22AE2386-60F1-476E-9303-61CDB0AAC4CF}"
EndProject
Project("{FAE04EC0-301F-11D3-BF4B-00C04F79EFBC}") = "GateDock", "GateDock\GateDock.csproj", "{22BC6440-5114-4E95-AE97-6A5E558EF02F}"
EndProject
Project("{FAE04EC0-301F-11D3-BF4B-00C04F79EFBC}") = "GateToolsView", "GateToolsView\GateToolsView.csproj", "{88214D79-CDB5-4859-9F19-774AF226ED6D}"
EndProject
Project("{FAE04EC0-301F-11D3-BF4B-00C04F79EFBC}") = "GateLangBase", "GateLangBase\GateLangBase.csproj", "{A238BA7F-02D8-4547-9E81-75C3BB4BA09C}"
EndProject
Project("{FAE04EC0-301F-11D3-BF4B-00C04F79EFBC}") = "GateDockRuntimePlugin", "GateDockRuntimePlugIn\GateDockRuntimePlugin.csproj", "{97D195AF-E76A-421D-AF83-8107343BD406}"
EndProject
Project("{FAE04EC0-301F-11D3-BF4B-00C04F79EFBC}") = "GatePad", "GatePad\GatePad.csproj", "{C4217DC8-211C-C2E1-54E4-2029F0280069}"
EndProject
Project("{FAE04EC0-301F-11D3-BF4B-00C04F79EFBC}") = "SeaMathWindows", "SeaMathWindows\SeaMathWindows.csproj", "{50A9316D-3579-9967-F9A1-A11D0F0C369A}"
EndProject
Project("{8BC9CEB8-8B4A-11D0-8D11-00A0C91BC942}") = "SciLexer", "Scintilla\win32\SciLexer.vcxproj", "{19CCA8B8-46B9-4609-B7CE-198DA19F07BD}"
EndProject
Project("{8BC9CEB8-8B4A-11D0-8D11-00A0C91BC942}") = "GateLangBaseSupport", "GateLangBaseSupport\GateLangBaseSupport.vcxproj", "{CC84D351-C17D-4593-92E5-17600095D3E2}"
EndProject
Project("{FAE04EC0-301F-11D3-BF4B-00C04F79EFBC}") = "SeaMathGatePadPlugin", "SeaMathGatePadPlugin\SeaMathGatePadPlugin.csproj", "{0FF9A197-487D-5AEB-78F9-904C3CEB7F38}"
EndProject
Project("{FAE04EC0-301F-11D3-BF4B-00C04F79EFBC}") = "GateCLangTest", "GateCLangTest\GateCLangTest.csproj", "{1709E36D-0176-5557-AAF6-83F563F8FDE0}"
EndProject
Project("{FAE04EC0-301F-11D3-BF4B-00C04F79EFBC}") = "GateToolsViewTest", "GateToolsViewTest\GateToolsViewTest.csproj", "{FDEE5701-7715-C958-9088-E5409CB22221}"
EndProject
Global
	GlobalSection(SolutionConfigurationPlatforms) = preSolution
		Debug|x64 = Debug|x64
		Debug|x86 = Debug|x86
		Release|x64 = Release|x64
		Release|x86 = Release|x86
	EndGlobalSection
	GlobalSection(ProjectConfigurationPlatforms) = postSolution
		{C0AE7CB3-19E7-492A-A8EF-852BDB7D5151}.Debug|x64.ActiveCfg = Debug|x64
		{C0AE7CB3-19E7-492A-A8EF-852BDB7D5151}.Debug|x64.Build.0 = Debug|x64
		{C0AE7CB3-19E7-492A-A8EF-852BDB7D5151}.Debug|x86.ActiveCfg = Debug|x86
		{C0AE7CB3-19E7-492A-A8EF-852BDB7D5151}.Debug|x86.Build.0 = Debug|x86
		{C0AE7CB3-19E7-492A-A8EF-852BDB7D5151}.Release|x64.ActiveCfg = Release|x64
		{C0AE7CB3-19E7-492A-A8EF-852BDB7D5151}.Release|x64.Build.0 = Release|x64
		{C0AE7CB3-19E7-492A-A8EF-852BDB7D5151}.Release|x86.ActiveCfg = Release|x86
		{C0AE7CB3-19E7-492A-A8EF-852BDB7D5151}.Release|x86.Build.0 = Release|x86
		{E4648057-0947-4F6C-B7B2-D79757CFB7FB}.Debug|x64.ActiveCfg = Debug|x64
		{E4648057-0947-4F6C-B7B2-D79757CFB7FB}.Debug|x64.Build.0 = Debug|x64
		{E4648057-0947-4F6C-B7B2-D79757CFB7FB}.Debug|x86.ActiveCfg = Debug|x86
		{E4648057-0947-4F6C-B7B2-D79757CFB7FB}.Debug|x86.Build.0 = Debug|x86
		{E4648057-0947-4F6C-B7B2-D79757CFB7FB}.Release|x64.ActiveCfg = Release|x64
		{E4648057-0947-4F6C-B7B2-D79757CFB7FB}.Release|x64.Build.0 = Release|x64
		{E4648057-0947-4F6C-B7B2-D79757CFB7FB}.Release|x86.ActiveCfg = Release|x86
		{E4648057-0947-4F6C-B7B2-D79757CFB7FB}.Release|x86.Build.0 = Release|x86
		{ED68A71A-0190-4359-92B0-2201FDCEAB81}.Debug|x64.ActiveCfg = Debug|x64
		{ED68A71A-0190-4359-92B0-2201FDCEAB81}.Debug|x64.Build.0 = Debug|x64
		{ED68A71A-0190-4359-92B0-2201FDCEAB81}.Debug|x86.ActiveCfg = Debug|x86
		{ED68A71A-0190-4359-92B0-2201FDCEAB81}.Debug|x86.Build.0 = Debug|x86
		{ED68A71A-0190-4359-92B0-2201FDCEAB81}.Release|x64.ActiveCfg = Release|x64
		{ED68A71A-0190-4359-92B0-2201FDCEAB81}.Release|x64.Build.0 = Release|x64
		{ED68A71A-0190-4359-92B0-2201FDCEAB81}.Release|x86.ActiveCfg = Release|x86
		{ED68A71A-0190-4359-92B0-2201FDCEAB81}.Release|x86.Build.0 = Release|x86
		{22AE2386-60F1-476E-9303-61CDB0AAC4CF}.Debug|x64.ActiveCfg = Debug|x64
		{22AE2386-60F1-476E-9303-61CDB0AAC4CF}.Debug|x64.Build.0 = Debug|x64
		{22AE2386-60F1-476E-9303-61CDB0AAC4CF}.Debug|x86.ActiveCfg = Debug|x86
		{22AE2386-60F1-476E-9303-61CDB0AAC4CF}.Debug|x86.Build.0 = Debug|x86
		{22AE2386-60F1-476E-9303-61CDB0AAC4CF}.Release|x64.ActiveCfg = Release|x64
		{22AE2386-60F1-476E-9303-61CDB0AAC4CF}.Release|x64.Build.0 = Release|x64
		{22AE2386-60F1-476E-9303-61CDB0AAC4CF}.Release|x86.ActiveCfg = Release|x86
		{22AE2386-60F1-476E-9303-61CDB0AAC4CF}.Release|x86.Build.0 = Release|x86
		{22BC6440-5114-4E95-AE97-6A5E558EF02F}.Debug|x64.ActiveCfg = Debug|x64
		{22BC6440-5114-4E95-AE97-6A5E558EF02F}.Debug|x64.Build.0 = Debug|x64
		{22BC6440-5114-4E95-AE97-6A5E558EF02F}.Debug|x86.ActiveCfg = Debug|x86
		{22BC6440-5114-4E95-AE97-6A5E558EF02F}.Debug|x86.Build.0 = Debug|x86
		{22BC6440-5114-4E95-AE97-6A5E558EF02F}.Release|x64.ActiveCfg = Release|x64
		{22BC6440-5114-4E95-AE97-6A5E558EF02F}.Release|x64.Build.0 = Release|x64
		{22BC6440-5114-4E95-AE97-6A5E558EF02F}.Release|x86.ActiveCfg = Release|x86
		{22BC6440-5114-4E95-AE97-6A5E558EF02F}.Release|x86.Build.0 = Release|x86
		{88214D79-CDB5-4859-9F19-774AF226ED6D}.Debug|x64.ActiveCfg = Debug|x64
		{88214D79-CDB5-4859-9F19-774AF226ED6D}.Debug|x64.Build.0 = Debug|x64
		{88214D79-CDB5-4859-9F19-774AF226ED6D}.Debug|x86.ActiveCfg = Debug|x86
		{88214D79-CDB5-4859-9F19-774AF226ED6D}.Debug|x86.Build.0 = Debug|x86
		{88214D79-CDB5-4859-9F19-774AF226ED6D}.Release|x64.ActiveCfg = Release|x64
		{88214D79-CDB5-4859-9F19-774AF226ED6D}.Release|x64.Build.0 = Release|x64
		{88214D79-CDB5-4859-9F19-774AF226ED6D}.Release|x86.ActiveCfg = Release|x86
		{88214D79-CDB5-4859-9F19-774AF226ED6D}.Release|x86.Build.0 = Release|x86
		{A238BA7F-02D8-4547-9E81-75C3BB4BA09C}.Debug|x64.ActiveCfg = Debug|x64
		{A238BA7F-02D8-4547-9E81-75C3BB4BA09C}.Debug|x64.Build.0 = Debug|x64
		{A238BA7F-02D8-4547-9E81-75C3BB4BA09C}.Debug|x86.ActiveCfg = Debug|x86
		{A238BA7F-02D8-4547-9E81-75C3BB4BA09C}.Debug|x86.Build.0 = Debug|x86
		{A238BA7F-02D8-4547-9E81-75C3BB4BA09C}.Release|x64.ActiveCfg = Release|x64
		{A238BA7F-02D8-4547-9E81-75C3BB4BA09C}.Release|x64.Build.0 = Release|x64
		{A238BA7F-02D8-4547-9E81-75C3BB4BA09C}.Release|x86.ActiveCfg = Release|x86
		{A238BA7F-02D8-4547-9E81-75C3BB4BA09C}.Release|x86.Build.0 = Release|x86
		{97D195AF-E76A-421D-AF83-8107343BD406}.Debug|x64.ActiveCfg = Debug|x64
		{97D195AF-E76A-421D-AF83-8107343BD406}.Debug|x64.Build.0 = Debug|x64
		{97D195AF-E76A-421D-AF83-8107343BD406}.Debug|x86.ActiveCfg = Debug|x86
		{97D195AF-E76A-421D-AF83-8107343BD406}.Debug|x86.Build.0 = Debug|x86
		{97D195AF-E76A-421D-AF83-8107343BD406}.Release|x64.ActiveCfg = Release|x64
		{97D195AF-E76A-421D-AF83-8107343BD406}.Release|x64.Build.0 = Release|x64
		{97D195AF-E76A-421D-AF83-8107343BD406}.Release|x86.ActiveCfg = Release|x86
		{97D195AF-E76A-421D-AF83-8107343BD406}.Release|x86.Build.0 = Release|x86
		{C4217DC8-211C-C2E1-54E4-2029F0280069}.Debug|x64.ActiveCfg = Debug|x64
		{C4217DC8-211C-C2E1-54E4-2029F0280069}.Debug|x64.Build.0 = Debug|x64
		{C4217DC8-211C-C2E1-54E4-2029F0280069}.Debug|x86.ActiveCfg = Debug|x86
		{C4217DC8-211C-C2E1-54E4-2029F0280069}.Debug|x86.Build.0 = Debug|x86
		{C4217DC8-211C-C2E1-54E4-2029F0280069}.Release|x64.ActiveCfg = Release|x64
		{C4217DC8-211C-C2E1-54E4-2029F0280069}.Release|x64.Build.0 = Release|x64
		{C4217DC8-211C-C2E1-54E4-2029F0280069}.Release|x86.ActiveCfg = Release|x86
		{C4217DC8-211C-C2E1-54E4-2029F0280069}.Release|x86.Build.0 = Release|x86
		{50A9316D-3579-9967-F9A1-A11D0F0C369A}.Debug|x64.ActiveCfg = Debug|x64
		{50A9316D-3579-9967-F9A1-A11D0F0C369A}.Debug|x64.Build.0 = Debug|x64
		{50A9316D-3579-9967-F9A1-A11D0F0C369A}.Debug|x86.ActiveCfg = Debug|x86
		{50A9316D-3579-9967-F9A1-A11D0F0C369A}.Debug|x86.Build.0 = Debug|x86
		{50A9316D-3579-9967-F9A1-A11D0F0C369A}.Release|x64.ActiveCfg = Release|x64
		{50A9316D-3579-9967-F9A1-A11D0F0C369A}.Release|x64.Build.0 = Release|x64
		{50A9316D-3579-9967-F9A1-A11D0F0C369A}.Release|x86.ActiveCfg = Release|x86
		{50A9316D-3579-9967-F9A1-A11D0F0C369A}.Release|x86.Build.0 = Release|x86
		{19CCA8B8-46B9-4609-B7CE-198DA19F07BD}.Debug|x64.ActiveCfg = Debug|x64
		{19CCA8B8-46B9-4609-B7CE-198DA19F07BD}.Debug|x64.Build.0 = Debug|x64
		{19CCA8B8-46B9-4609-B7CE-198DA19F07BD}.Debug|x86.ActiveCfg = Debug|Win32
		{19CCA8B8-46B9-4609-B7CE-198DA19F07BD}.Debug|x86.Build.0 = Debug|Win32
		{19CCA8B8-46B9-4609-B7CE-198DA19F07BD}.Release|x64.ActiveCfg = Release|x64
		{19CCA8B8-46B9-4609-B7CE-198DA19F07BD}.Release|x64.Build.0 = Release|x64
		{19CCA8B8-46B9-4609-B7CE-198DA19F07BD}.Release|x86.ActiveCfg = Release|Win32
		{19CCA8B8-46B9-4609-B7CE-198DA19F07BD}.Release|x86.Build.0 = Release|Win32
		{CC84D351-C17D-4593-92E5-17600095D3E2}.Debug|x64.ActiveCfg = Debug|x64
		{CC84D351-C17D-4593-92E5-17600095D3E2}.Debug|x64.Build.0 = Debug|x64
		{CC84D351-C17D-4593-92E5-17600095D3E2}.Debug|x86.ActiveCfg = Debug|Win32
		{CC84D351-C17D-4593-92E5-17600095D3E2}.Debug|x86.Build.0 = Debug|Win32
		{CC84D351-C17D-4593-92E5-17600095D3E2}.Release|x64.ActiveCfg = Release|x64
		{CC84D351-C17D-4593-92E5-17600095D3E2}.Release|x64.Build.0 = Release|x64
		{CC84D351-C17D-4593-92E5-17600095D3E2}.Release|x86.ActiveCfg = Release|Win32
		{CC84D351-C17D-4593-92E5-17600095D3E2}.Release|x86.Build.0 = Release|Win32
		{0FF9A197-487D-5AEB-78F9-904C3CEB7F38}.Debug|x64.ActiveCfg = Debug|x64
		{0FF9A197-487D-5AEB-78F9-904C3CEB7F38}.Debug|x64.Build.0 = Debug|x64
		{0FF9A197-487D-5AEB-78F9-904C3CEB7F38}.Debug|x86.ActiveCfg = Debug|x86
		{0FF9A197-487D-5AEB-78F9-904C3CEB7F38}.Debug|x86.Build.0 = Debug|x86
		{0FF9A197-487D-5AEB-78F9-904C3CEB7F38}.Release|x64.ActiveCfg = Release|x64
		{0FF9A197-487D-5AEB-78F9-904C3CEB7F38}.Release|x64.Build.0 = Release|x64
		{0FF9A197-487D-5AEB-78F9-904C3CEB7F38}.Release|x86.ActiveCfg = Release|x86
		{1709E36D-0176-5557-AAF6-83F563F8FDE0}.Debug|x64.ActiveCfg = Debug|x64
		{1709E36D-0176-5557-AAF6-83F563F8FDE0}.Debug|x64.Build.0 = Debug|x64
		{1709E36D-0176-5557-AAF6-83F563F8FDE0}.Debug|x86.ActiveCfg = Debug|x86
		{1709E36D-0176-5557-AAF6-83F563F8FDE0}.Debug|x86.Build.0 = Debug|x86
		{1709E36D-0176-5557-AAF6-83F563F8FDE0}.Release|x64.ActiveCfg = Release|x64
		{1709E36D-0176-5557-AAF6-83F563F8FDE0}.Release|x64.Build.0 = Release|x64
		{1709E36D-0176-5557-AAF6-83F563F8FDE0}.Release|x86.ActiveCfg = Release|x86
		{1709E36D-0176-5557-AAF6-83F563F8FDE0}.Release|x86.Build.0 = Release|x86
		{FDEE5701-7715-C958-9088-E5409CB22221}.Debug|x64.ActiveCfg = Debug|x64
		{FDEE5701-7715-C958-9088-E5409CB22221}.Debug|x64.Build.0 = Debug|x64
		{FDEE5701-7715-C958-9088-E5409CB22221}.Debug|x86.ActiveCfg = Debug|Any CPU
		{FDEE5701-7715-C958-9088-E5409CB22221}.Debug|x86.Build.0 = Debug|Any CPU
		{FDEE5701-7715-C958-9088-E5409CB22221}.Release|x64.ActiveCfg = Release|x64
		{FDEE5701-7715-C958-9088-E5409CB22221}.Release|x64.Build.0 = Release|x64
		{FDEE5701-7715-C958-9088-E5409CB22221}.Release|x86.ActiveCfg = Release|Any CPU
		{FDEE5701-7715-C958-9088-E5409CB22221}.Release|x86.Build.0 = Release|Any CPU
	EndGlobalSection
	GlobalSection(SolutionProperties) = preSolution
		HideSolutionNode = FALSE
	EndGlobalSection
	GlobalSection(ExtensibilityGlobals) = postSolution
		SolutionGuid = {C7059F75-2609-41BA-9110-1316A9158BDF}
	EndGlobalSection
EndGlobal
